
Microsoft Visual Studio Solution File, Format Version 12.00
# Visual Studio Version 16
VisualStudioVersion = 16.0.34601.136
MinimumVisualStudioVersion = 10.0.40219.1
Project("{FAE04EC0-301F-11D3-BF4B-00C04F79EFBC}") = "MathAndComparisonOperatorAssignment", "MathAndComparisonOperatorAssignment\MathAndComparisonOperatorAssignment.csproj", "{6349163B-05B8-4713-B1A5-931204A94B60}"
EndProject
Global
	GlobalSection(SolutionConfigurationPlatforms) = preSolution
		Debug|Any CPU = Debug|Any CPU
		Release|Any CPU = Release|Any CPU
	EndGlobalSection
	GlobalSection(ProjectConfigurationPlatforms) = postSolution
		{6349163B-05B8-4713-B1A5-931204A94B60}.Debug|Any CPU.ActiveCfg = Debug|Any CPU
		{6349163B-05B8-4713-B1A5-931204A94B60}.Debug|Any CPU.Build.0 = Debug|Any CPU
		{6349163B-05B8-4713-B1A5-931204A94B60}.Release|Any CPU.ActiveCfg = Release|Any CPU
		{6349163B-05B8-4713-B1A5-931204A94B60}.Release|Any CPU.Build.0 = Release|Any CPU
	EndGlobalSection
	GlobalSection(SolutionProperties) = preSolution
		HideSolutionNode = FALSE
	EndGlobalSection
	GlobalSection(ExtensibilityGlobals) = postSolution
		SolutionGuid = {58C1ED3D-C2F4-485A-967E-D080CF2A9949}
	EndGlobalSection
EndGlobal
