
Microsoft Visual Studio Solution File, Format Version 12.00
# Visual Studio Version 16
VisualStudioVersion = 16.0.34601.136
MinimumVisualStudioVersion = 10.0.40219.1
Project("{FAE04EC0-301F-11D3-BF4B-00C04F79EFBC}") = "MethodSubmissionAssignment", "MethodSubmissionAssignment\MethodSubmissionAssignment.csproj", "{378DF83C-DACD-4138-98E1-2443BE919D86}"
EndProject
Global
	GlobalSection(SolutionConfigurationPlatforms) = preSolution
		Debug|Any CPU = Debug|Any CPU
		Release|Any CPU = Release|Any CPU
	EndGlobalSection
	GlobalSection(ProjectConfigurationPlatforms) = postSolution
		{378DF83C-DACD-4138-98E1-2443BE919D86}.Debug|Any CPU.ActiveCfg = Debug|Any CPU
		{378DF83C-DACD-4138-98E1-2443BE919D86}.Debug|Any CPU.Build.0 = Debug|Any CPU
		{378DF83C-DACD-4138-98E1-2443BE919D86}.Release|Any CPU.ActiveCfg = Release|Any CPU
		{378DF83C-DACD-4138-98E1-2443BE919D86}.Release|Any CPU.Build.0 = Release|Any CPU
	EndGlobalSection
	GlobalSection(SolutionProperties) = preSolution
		HideSolutionNode = FALSE
	EndGlobalSection
	GlobalSection(ExtensibilityGlobals) = postSolution
		SolutionGuid = {0FBE0F94-2F78-4083-BCD3-B0E2CDBA6B30}
	EndGlobalSection
EndGlobal
