
Microsoft Visual Studio Solution File, Format Version 12.00
# Visual Studio Version 16
VisualStudioVersion = 16.0.34601.136
MinimumVisualStudioVersion = 10.0.40219.1
Project("{FAE04EC0-301F-11D3-BF4B-00C04F79EFBC}") = "LMSStep549CodeFirstEFConsoleApp", "LMSStep549CodeFirstEFConsoleApp\LMSStep549CodeFirstEFConsoleApp.csproj", "{3A0CFA4C-313B-46E4-A719-244002C52373}"
EndProject
Global
	GlobalSection(SolutionConfigurationPlatforms) = preSolution
		Debug|Any CPU = Debug|Any CPU
		Release|Any CPU = Release|Any CPU
	EndGlobalSection
	GlobalSection(ProjectConfigurationPlatforms) = postSolution
		{3A0CFA4C-313B-46E4-A719-244002C52373}.Debug|Any CPU.ActiveCfg = Debug|Any CPU
		{3A0CFA4C-313B-46E4-A719-244002C52373}.Debug|Any CPU.Build.0 = Debug|Any CPU
		{3A0CFA4C-313B-46E4-A719-244002C52373}.Release|Any CPU.ActiveCfg = Release|Any CPU
		{3A0CFA4C-313B-46E4-A719-244002C52373}.Release|Any CPU.Build.0 = Release|Any CPU
	EndGlobalSection
	GlobalSection(SolutionProperties) = preSolution
		HideSolutionNode = FALSE
	EndGlobalSection
	GlobalSection(ExtensibilityGlobals) = postSolution
		SolutionGuid = {4BF1D74F-84E9-41D1-B6AA-4A213BDF2F50}
	EndGlobalSection
EndGlobal
