
Microsoft Visual Studio Solution File, Format Version 12.00
# Visual Studio Version 16
VisualStudioVersion = 16.0.34601.136
MinimumVisualStudioVersion = 10.0.40219.1
Project("{FAE04EC0-301F-11D3-BF4B-00C04F79EFBC}") = "LMSStep548ASPNetCoreWebApp", "LMSStep548ASPNetCoreWebApp\LMSStep548ASPNetCoreWebApp.csproj", "{A42B3398-310F-4A3E-A923-52EF28857397}"
EndProject
Global
	GlobalSection(SolutionConfigurationPlatforms) = preSolution
		Debug|Any CPU = Debug|Any CPU
		Release|Any CPU = Release|Any CPU
	EndGlobalSection
	GlobalSection(ProjectConfigurationPlatforms) = postSolution
		{A42B3398-310F-4A3E-A923-52EF28857397}.Debug|Any CPU.ActiveCfg = Debug|Any CPU
		{A42B3398-310F-4A3E-A923-52EF28857397}.Debug|Any CPU.Build.0 = Debug|Any CPU
		{A42B3398-310F-4A3E-A923-52EF28857397}.Release|Any CPU.ActiveCfg = Release|Any CPU
		{A42B3398-310F-4A3E-A923-52EF28857397}.Release|Any CPU.Build.0 = Release|Any CPU
	EndGlobalSection
	GlobalSection(SolutionProperties) = preSolution
		HideSolutionNode = FALSE
	EndGlobalSection
	GlobalSection(ExtensibilityGlobals) = postSolution
		SolutionGuid = {449A980B-8B76-49C9-8DA0-F3E70C53FA27}
	EndGlobalSection
EndGlobal
