
Microsoft Visual Studio Solution File, Format Version 12.00
# Visual Studio Version 16
VisualStudioVersion = 16.0.34601.136
MinimumVisualStudioVersion = 10.0.40219.1
Project("{FAE04EC0-301F-11D3-BF4B-00C04F79EFBC}") = "TryCatchAssignment", "TryCatchAssignment\TryCatchAssignment.csproj", "{0F2C8CC0-78A5-4999-A528-59EA6C6AEE75}"
EndProject
Global
	GlobalSection(SolutionConfigurationPlatforms) = preSolution
		Debug|Any CPU = Debug|Any CPU
		Release|Any CPU = Release|Any CPU
	EndGlobalSection
	GlobalSection(ProjectConfigurationPlatforms) = postSolution
		{0F2C8CC0-78A5-4999-A528-59EA6C6AEE75}.Debug|Any CPU.ActiveCfg = Debug|Any CPU
		{0F2C8CC0-78A5-4999-A528-59EA6C6AEE75}.Debug|Any CPU.Build.0 = Debug|Any CPU
		{0F2C8CC0-78A5-4999-A528-59EA6C6AEE75}.Release|Any CPU.ActiveCfg = Release|Any CPU
		{0F2C8CC0-78A5-4999-A528-59EA6C6AEE75}.Release|Any CPU.Build.0 = Release|Any CPU
	EndGlobalSection
	GlobalSection(SolutionProperties) = preSolution
		HideSolutionNode = FALSE
	EndGlobalSection
	GlobalSection(ExtensibilityGlobals) = postSolution
		SolutionGuid = {8D319AAF-400F-4010-B14F-D39B00759A02}
	EndGlobalSection
EndGlobal
