
Microsoft Visual Studio Solution File, Format Version 12.00
# Visual Studio Version 16
VisualStudioVersion = 16.0.34601.136
MinimumVisualStudioVersion = 10.0.40219.1
Project("{FAE04EC0-301F-11D3-BF4B-00C04F79EFBC}") = "MainMethodSubmissionAssignment", "MainMethodSubmissionAssignment\MainMethodSubmissionAssignment.csproj", "{029721DE-0C90-4A06-8296-EC91D3994F39}"
EndProject
Global
	GlobalSection(SolutionConfigurationPlatforms) = preSolution
		Debug|Any CPU = Debug|Any CPU
		Release|Any CPU = Release|Any CPU
	EndGlobalSection
	GlobalSection(ProjectConfigurationPlatforms) = postSolution
		{029721DE-0C90-4A06-8296-EC91D3994F39}.Debug|Any CPU.ActiveCfg = Debug|Any CPU
		{029721DE-0C90-4A06-8296-EC91D3994F39}.Debug|Any CPU.Build.0 = Debug|Any CPU
		{029721DE-0C90-4A06-8296-EC91D3994F39}.Release|Any CPU.ActiveCfg = Release|Any CPU
		{029721DE-0C90-4A06-8296-EC91D3994F39}.Release|Any CPU.Build.0 = Release|Any CPU
	EndGlobalSection
	GlobalSection(SolutionProperties) = preSolution
		HideSolutionNode = FALSE
	EndGlobalSection
	GlobalSection(ExtensibilityGlobals) = postSolution
		SolutionGuid = {DA3F3736-9660-42D0-8A26-64EB93E924A0}
	EndGlobalSection
EndGlobal
