
Microsoft Visual Studio Solution File, Format Version 12.00
# Visual Studio Version 16
VisualStudioVersion = 16.0.34601.136
MinimumVisualStudioVersion = 10.0.40219.1
Project("{FAE04EC0-301F-11D3-BF4B-00C04F79EFBC}") = "ClassMethodsVideo", "ClassMethodsVideo\ClassMethodsVideo.csproj", "{4501B6C2-3B60-4949-BCF2-18F8BBDFA935}"
EndProject
Global
	GlobalSection(SolutionConfigurationPlatforms) = preSolution
		Debug|Any CPU = Debug|Any CPU
		Release|Any CPU = Release|Any CPU
	EndGlobalSection
	GlobalSection(ProjectConfigurationPlatforms) = postSolution
		{4501B6C2-3B60-4949-BCF2-18F8BBDFA935}.Debug|Any CPU.ActiveCfg = Debug|Any CPU
		{4501B6C2-3B60-4949-BCF2-18F8BBDFA935}.Debug|Any CPU.Build.0 = Debug|Any CPU
		{4501B6C2-3B60-4949-BCF2-18F8BBDFA935}.Release|Any CPU.ActiveCfg = Release|Any CPU
		{4501B6C2-3B60-4949-BCF2-18F8BBDFA935}.Release|Any CPU.Build.0 = Release|Any CPU
	EndGlobalSection
	GlobalSection(SolutionProperties) = preSolution
		HideSolutionNode = FALSE
	EndGlobalSection
	GlobalSection(ExtensibilityGlobals) = postSolution
		SolutionGuid = {1B61A9A7-02DD-48F5-8A11-BDBF2BAD498D}
	EndGlobalSection
EndGlobal
