
Microsoft Visual Studio Solution File, Format Version 12.00
# Visual Studio Version 16
VisualStudioVersion = 16.0.34601.136
MinimumVisualStudioVersion = 10.0.40219.1
Project("{FAE04EC0-301F-11D3-BF4B-00C04F79EFBC}") = "WebApplicationMVCTutorial", "WebApplicationMVCTutorial\WebApplicationMVCTutorial.csproj", "{132D277D-DB94-4144-8A53-1D8A920B9C6E}"
EndProject
Global
	GlobalSection(SolutionConfigurationPlatforms) = preSolution
		Debug|Any CPU = Debug|Any CPU
		Release|Any CPU = Release|Any CPU
	EndGlobalSection
	GlobalSection(ProjectConfigurationPlatforms) = postSolution
		{132D277D-DB94-4144-8A53-1D8A920B9C6E}.Debug|Any CPU.ActiveCfg = Debug|Any CPU
		{132D277D-DB94-4144-8A53-1D8A920B9C6E}.Debug|Any CPU.Build.0 = Debug|Any CPU
		{132D277D-DB94-4144-8A53-1D8A920B9C6E}.Release|Any CPU.ActiveCfg = Release|Any CPU
		{132D277D-DB94-4144-8A53-1D8A920B9C6E}.Release|Any CPU.Build.0 = Release|Any CPU
	EndGlobalSection
	GlobalSection(SolutionProperties) = preSolution
		HideSolutionNode = FALSE
	EndGlobalSection
	GlobalSection(ExtensibilityGlobals) = postSolution
		SolutionGuid = {7B9CA3C2-6CA8-435F-9C3D-0050FC509B21}
	EndGlobalSection
EndGlobal
