
Microsoft Visual Studio Solution File, Format Version 12.00
# Visual Studio Version 16
VisualStudioVersion = 16.0.34601.136
MinimumVisualStudioVersion = 10.0.40219.1
Project("{FAE04EC0-301F-11D3-BF4B-00C04F79EFBC}") = "myConsoleProject", "myConsoleProject\myConsoleProject.csproj", "{AB6085E5-7FA8-4A33-87A9-C39C077BE369}"
EndProject
Global
	GlobalSection(SolutionConfigurationPlatforms) = preSolution
		Debug|Any CPU = Debug|Any CPU
		Release|Any CPU = Release|Any CPU
	EndGlobalSection
	GlobalSection(ProjectConfigurationPlatforms) = postSolution
		{AB6085E5-7FA8-4A33-87A9-C39C077BE369}.Debug|Any CPU.ActiveCfg = Debug|Any CPU
		{AB6085E5-7FA8-4A33-87A9-C39C077BE369}.Debug|Any CPU.Build.0 = Debug|Any CPU
		{AB6085E5-7FA8-4A33-87A9-C39C077BE369}.Release|Any CPU.ActiveCfg = Release|Any CPU
		{AB6085E5-7FA8-4A33-87A9-C39C077BE369}.Release|Any CPU.Build.0 = Release|Any CPU
	EndGlobalSection
	GlobalSection(SolutionProperties) = preSolution
		HideSolutionNode = FALSE
	EndGlobalSection
	GlobalSection(ExtensibilityGlobals) = postSolution
		SolutionGuid = {60253BCA-B774-4B27-A17F-9FB0FA4B1F4B}
	EndGlobalSection
EndGlobal
