
Microsoft Visual Studio Solution File, Format Version 12.00
# Visual Studio Version 16
VisualStudioVersion = 16.0.34601.136
MinimumVisualStudioVersion = 10.0.40219.1
Project("{FAE04EC0-301F-11D3-BF4B-00C04F79EFBC}") = "StringsIntegersSubmissionAssignment", "StringsIntegersSubmissionAssignment\StringsIntegersSubmissionAssignment.csproj", "{52463247-BA17-4D04-8B94-35EB077B240F}"
EndProject
Global
	GlobalSection(SolutionConfigurationPlatforms) = preSolution
		Debug|Any CPU = Debug|Any CPU
		Release|Any CPU = Release|Any CPU
	EndGlobalSection
	GlobalSection(ProjectConfigurationPlatforms) = postSolution
		{52463247-BA17-4D04-8B94-35EB077B240F}.Debug|Any CPU.ActiveCfg = Debug|Any CPU
		{52463247-BA17-4D04-8B94-35EB077B240F}.Debug|Any CPU.Build.0 = Debug|Any CPU
		{52463247-BA17-4D04-8B94-35EB077B240F}.Release|Any CPU.ActiveCfg = Release|Any CPU
		{52463247-BA17-4D04-8B94-35EB077B240F}.Release|Any CPU.Build.0 = Release|Any CPU
	EndGlobalSection
	GlobalSection(SolutionProperties) = preSolution
		HideSolutionNode = FALSE
	EndGlobalSection
	GlobalSection(ExtensibilityGlobals) = postSolution
		SolutionGuid = {CED83E5A-FC74-4D66-A37E-D17B61F4FA47}
	EndGlobalSection
EndGlobal
