
Microsoft Visual Studio Solution File, Format Version 12.00
# Visual Studio Version 16
VisualStudioVersion = 16.0.34601.136
MinimumVisualStudioVersion = 10.0.40219.1
Project("{FAE04EC0-301F-11D3-BF4B-00C04F79EFBC}") = "BooleanLogicAssignment", "BooleanLogicAssignment\BooleanLogicAssignment.csproj", "{236AD536-86E6-48F4-A8F5-8BDEEE52C5ED}"
EndProject
Global
	GlobalSection(SolutionConfigurationPlatforms) = preSolution
		Debug|Any CPU = Debug|Any CPU
		Release|Any CPU = Release|Any CPU
	EndGlobalSection
	GlobalSection(ProjectConfigurationPlatforms) = postSolution
		{236AD536-86E6-48F4-A8F5-8BDEEE52C5ED}.Debug|Any CPU.ActiveCfg = Debug|Any CPU
		{236AD536-86E6-48F4-A8F5-8BDEEE52C5ED}.Debug|Any CPU.Build.0 = Debug|Any CPU
		{236AD536-86E6-48F4-A8F5-8BDEEE52C5ED}.Release|Any CPU.ActiveCfg = Release|Any CPU
		{236AD536-86E6-48F4-A8F5-8BDEEE52C5ED}.Release|Any CPU.Build.0 = Release|Any CPU
	EndGlobalSection
	GlobalSection(SolutionProperties) = preSolution
		HideSolutionNode = FALSE
	EndGlobalSection
	GlobalSection(ExtensibilityGlobals) = postSolution
		SolutionGuid = {40374720-1CEC-4F56-9490-F8757A0C3377}
	EndGlobalSection
EndGlobal
