
Microsoft Visual Studio Solution File, Format Version 12.00
# Visual Studio Version 16
VisualStudioVersion = 16.0.34601.136
MinimumVisualStudioVersion = 10.0.40219.1
Project("{FAE04EC0-301F-11D3-BF4B-00C04F79EFBC}") = "aaaTestConsoleApp1", "aaaTestConsoleApp1\aaaTestConsoleApp1.csproj", "{AC7D7311-09A2-48D6-B835-45FB8CCC93F9}"
EndProject
Global
	GlobalSection(SolutionConfigurationPlatforms) = preSolution
		Debug|Any CPU = Debug|Any CPU
		Release|Any CPU = Release|Any CPU
	EndGlobalSection
	GlobalSection(ProjectConfigurationPlatforms) = postSolution
		{AC7D7311-09A2-48D6-B835-45FB8CCC93F9}.Debug|Any CPU.ActiveCfg = Debug|Any CPU
		{AC7D7311-09A2-48D6-B835-45FB8CCC93F9}.Debug|Any CPU.Build.0 = Debug|Any CPU
		{AC7D7311-09A2-48D6-B835-45FB8CCC93F9}.Release|Any CPU.ActiveCfg = Release|Any CPU
		{AC7D7311-09A2-48D6-B835-45FB8CCC93F9}.Release|Any CPU.Build.0 = Release|Any CPU
	EndGlobalSection
	GlobalSection(SolutionProperties) = preSolution
		HideSolutionNode = FALSE
	EndGlobalSection
	GlobalSection(ExtensibilityGlobals) = postSolution
		SolutionGuid = {617DB500-333E-4076-84C4-25FCFF114C07}
	EndGlobalSection
EndGlobal
