
Microsoft Visual Studio Solution File, Format Version 12.00
# Visual Studio Version 16
VisualStudioVersion = 16.0.34601.136
MinimumVisualStudioVersion = 10.0.40219.1
Project("{FAE04EC0-301F-11D3-BF4B-00C04F79EFBC}") = "DailyReportSubmission", "DailyReportSubmission\DailyReportSubmission.csproj", "{589881C0-1870-46FF-9FDE-53AB17026402}"
EndProject
Global
	GlobalSection(SolutionConfigurationPlatforms) = preSolution
		Debug|Any CPU = Debug|Any CPU
		Release|Any CPU = Release|Any CPU
	EndGlobalSection
	GlobalSection(ProjectConfigurationPlatforms) = postSolution
		{589881C0-1870-46FF-9FDE-53AB17026402}.Debug|Any CPU.ActiveCfg = Debug|Any CPU
		{589881C0-1870-46FF-9FDE-53AB17026402}.Debug|Any CPU.Build.0 = Debug|Any CPU
		{589881C0-1870-46FF-9FDE-53AB17026402}.Release|Any CPU.ActiveCfg = Release|Any CPU
		{589881C0-1870-46FF-9FDE-53AB17026402}.Release|Any CPU.Build.0 = Release|Any CPU
	EndGlobalSection
	GlobalSection(SolutionProperties) = preSolution
		HideSolutionNode = FALSE
	EndGlobalSection
	GlobalSection(ExtensibilityGlobals) = postSolution
		SolutionGuid = {A1317063-472F-4148-A128-A2B06A6F3586}
	EndGlobalSection
EndGlobal
