
Microsoft Visual Studio Solution File, Format Version 12.00
# Visual Studio Version 16
VisualStudioVersion = 16.0.34601.136
MinimumVisualStudioVersion = 10.0.40219.1
Project("{FAE04EC0-301F-11D3-BF4B-00C04F79EFBC}") = "BranchSubmissionAssignment", "BranchSubmissionAssignment\BranchSubmissionAssignment.csproj", "{8347B38D-C34F-4F50-9862-068EB691D335}"
EndProject
Global
	GlobalSection(SolutionConfigurationPlatforms) = preSolution
		Debug|Any CPU = Debug|Any CPU
		Release|Any CPU = Release|Any CPU
	EndGlobalSection
	GlobalSection(ProjectConfigurationPlatforms) = postSolution
		{8347B38D-C34F-4F50-9862-068EB691D335}.Debug|Any CPU.ActiveCfg = Debug|Any CPU
		{8347B38D-C34F-4F50-9862-068EB691D335}.Debug|Any CPU.Build.0 = Debug|Any CPU
		{8347B38D-C34F-4F50-9862-068EB691D335}.Release|Any CPU.ActiveCfg = Release|Any CPU
		{8347B38D-C34F-4F50-9862-068EB691D335}.Release|Any CPU.Build.0 = Release|Any CPU
	EndGlobalSection
	GlobalSection(SolutionProperties) = preSolution
		HideSolutionNode = FALSE
	EndGlobalSection
	GlobalSection(ExtensibilityGlobals) = postSolution
		SolutionGuid = {7CE07C66-D20B-4493-849F-B4886A10818B}
	EndGlobalSection
EndGlobal
