
Microsoft Visual Studio Solution File, Format Version 12.00
# Visual Studio Version 16
VisualStudioVersion = 16.0.34601.136
MinimumVisualStudioVersion = 10.0.40219.1
Project("{FAE04EC0-301F-11D3-BF4B-00C04F79EFBC}") = "StringFuncVideo", "StringFuncVideo\StringFuncVideo.csproj", "{5E1C3F40-557B-477E-8C51-B1E8A0FB1013}"
EndProject
Global
	GlobalSection(SolutionConfigurationPlatforms) = preSolution
		Debug|Any CPU = Debug|Any CPU
		Release|Any CPU = Release|Any CPU
	EndGlobalSection
	GlobalSection(ProjectConfigurationPlatforms) = postSolution
		{5E1C3F40-557B-477E-8C51-B1E8A0FB1013}.Debug|Any CPU.ActiveCfg = Debug|Any CPU
		{5E1C3F40-557B-477E-8C51-B1E8A0FB1013}.Debug|Any CPU.Build.0 = Debug|Any CPU
		{5E1C3F40-557B-477E-8C51-B1E8A0FB1013}.Release|Any CPU.ActiveCfg = Release|Any CPU
		{5E1C3F40-557B-477E-8C51-B1E8A0FB1013}.Release|Any CPU.Build.0 = Release|Any CPU
	EndGlobalSection
	GlobalSection(SolutionProperties) = preSolution
		HideSolutionNode = FALSE
	EndGlobalSection
	GlobalSection(ExtensibilityGlobals) = postSolution
		SolutionGuid = {221AD21A-8A3F-41E6-A1DF-2C368BF7BFB7}
	EndGlobalSection
EndGlobal
