
Microsoft Visual Studio Solution File, Format Version 12.00
# Visual Studio Version 16
VisualStudioVersion = 16.0.34601.136
MinimumVisualStudioVersion = 10.0.40219.1
Project("{FAE04EC0-301F-11D3-BF4B-00C04F79EFBC}") = "StructAssignment", "StructAssignment\StructAssignment.csproj", "{FBF22EF8-E602-4F38-AF74-2EAC07D5616A}"
EndProject
Global
	GlobalSection(SolutionConfigurationPlatforms) = preSolution
		Debug|Any CPU = Debug|Any CPU
		Release|Any CPU = Release|Any CPU
	EndGlobalSection
	GlobalSection(ProjectConfigurationPlatforms) = postSolution
		{FBF22EF8-E602-4F38-AF74-2EAC07D5616A}.Debug|Any CPU.ActiveCfg = Debug|Any CPU
		{FBF22EF8-E602-4F38-AF74-2EAC07D5616A}.Debug|Any CPU.Build.0 = Debug|Any CPU
		{FBF22EF8-E602-4F38-AF74-2EAC07D5616A}.Release|Any CPU.ActiveCfg = Release|Any CPU
		{FBF22EF8-E602-4F38-AF74-2EAC07D5616A}.Release|Any CPU.Build.0 = Release|Any CPU
	EndGlobalSection
	GlobalSection(SolutionProperties) = preSolution
		HideSolutionNode = FALSE
	EndGlobalSection
	GlobalSection(ExtensibilityGlobals) = postSolution
		SolutionGuid = {75266AE3-3D74-46D7-A825-E63F72579220}
	EndGlobalSection
EndGlobal
