
Microsoft Visual Studio Solution File, Format Version 12.00
# Visual Studio Version 16
VisualStudioVersion = 16.0.34601.136
MinimumVisualStudioVersion = 10.0.40219.1
Project("{FAE04EC0-301F-11D3-BF4B-00C04F79EFBC}") = "LoopsVideoETC", "LoopsVideoETC\LoopsVideoETC.csproj", "{7A7D1F62-37B5-4E9F-ABD8-4CF0E5F69143}"
EndProject
Global
	GlobalSection(SolutionConfigurationPlatforms) = preSolution
		Debug|Any CPU = Debug|Any CPU
		Release|Any CPU = Release|Any CPU
	EndGlobalSection
	GlobalSection(ProjectConfigurationPlatforms) = postSolution
		{7A7D1F62-37B5-4E9F-ABD8-4CF0E5F69143}.Debug|Any CPU.ActiveCfg = Debug|Any CPU
		{7A7D1F62-37B5-4E9F-ABD8-4CF0E5F69143}.Debug|Any CPU.Build.0 = Debug|Any CPU
		{7A7D1F62-37B5-4E9F-ABD8-4CF0E5F69143}.Release|Any CPU.ActiveCfg = Release|Any CPU
		{7A7D1F62-37B5-4E9F-ABD8-4CF0E5F69143}.Release|Any CPU.Build.0 = Release|Any CPU
	EndGlobalSection
	GlobalSection(SolutionProperties) = preSolution
		HideSolutionNode = FALSE
	EndGlobalSection
	GlobalSection(ExtensibilityGlobals) = postSolution
		SolutionGuid = {3A4F0266-EC8F-4806-919B-55C75F893AAE}
	EndGlobalSection
EndGlobal
