
Microsoft Visual Studio Solution File, Format Version 12.00
# Visual Studio Version 16
VisualStudioVersion = 16.0.34601.136
MinimumVisualStudioVersion = 10.0.40219.1
Project("{FAE04EC0-301F-11D3-BF4B-00C04F79EFBC}") = "ConsoleApplicationAssignment", "ConsoleApplicationAssignment\ConsoleApplicationAssignment.csproj", "{3ECAA15B-33BA-455E-AAFE-2A7C7C2BAAB7}"
EndProject
Global
	GlobalSection(SolutionConfigurationPlatforms) = preSolution
		Debug|Any CPU = Debug|Any CPU
		Release|Any CPU = Release|Any CPU
	EndGlobalSection
	GlobalSection(ProjectConfigurationPlatforms) = postSolution
		{3ECAA15B-33BA-455E-AAFE-2A7C7C2BAAB7}.Debug|Any CPU.ActiveCfg = Debug|Any CPU
		{3ECAA15B-33BA-455E-AAFE-2A7C7C2BAAB7}.Debug|Any CPU.Build.0 = Debug|Any CPU
		{3ECAA15B-33BA-455E-AAFE-2A7C7C2BAAB7}.Release|Any CPU.ActiveCfg = Release|Any CPU
		{3ECAA15B-33BA-455E-AAFE-2A7C7C2BAAB7}.Release|Any CPU.Build.0 = Release|Any CPU
	EndGlobalSection
	GlobalSection(SolutionProperties) = preSolution
		HideSolutionNode = FALSE
	EndGlobalSection
	GlobalSection(ExtensibilityGlobals) = postSolution
		SolutionGuid = {80664E6B-08CA-4F1B-9CDC-227ADF2EF024}
	EndGlobalSection
EndGlobal
