
Microsoft Visual Studio Solution File, Format Version 12.00
# Visual Studio Version 16
VisualStudioVersion = 16.0.34601.136
MinimumVisualStudioVersion = 10.0.40219.1
Project("{FAE04EC0-301F-11D3-BF4B-00C04F79EFBC}") = "LMSStep549CodeFirstEFConsoleApp3", "LMSStep549CodeFirstEFConsoleApp3\LMSStep549CodeFirstEFConsoleApp3.csproj", "{53971DA4-A520-4E9C-8184-3ABE969DB95D}"
EndProject
Global
	GlobalSection(SolutionConfigurationPlatforms) = preSolution
		Debug|Any CPU = Debug|Any CPU
		Release|Any CPU = Release|Any CPU
	EndGlobalSection
	GlobalSection(ProjectConfigurationPlatforms) = postSolution
		{53971DA4-A520-4E9C-8184-3ABE969DB95D}.Debug|Any CPU.ActiveCfg = Debug|Any CPU
		{53971DA4-A520-4E9C-8184-3ABE969DB95D}.Debug|Any CPU.Build.0 = Debug|Any CPU
		{53971DA4-A520-4E9C-8184-3ABE969DB95D}.Release|Any CPU.ActiveCfg = Release|Any CPU
		{53971DA4-A520-4E9C-8184-3ABE969DB95D}.Release|Any CPU.Build.0 = Release|Any CPU
	EndGlobalSection
	GlobalSection(SolutionProperties) = preSolution
		HideSolutionNode = FALSE
	EndGlobalSection
	GlobalSection(ExtensibilityGlobals) = postSolution
		SolutionGuid = {50ED2550-01B4-40B0-84C3-6024A3AEAE87}
	EndGlobalSection
EndGlobal
